
Microsoft Visual Studio Solution File, Format Version 12.00
# Visual Studio 14
VisualStudioVersion = 14.0.25420.1
MinimumVisualStudioVersion = 10.0.40219.1
Project("{FAE04EC0-301F-11D3-BF4B-00C04F79EFBC}") = "BCLoanCalculator", "BCLoanCalculator\BCLoanCalculator\BCLoanCalculator.csproj", "{8044733D-EDFD-45F1-997C-311A979EDDD0}"
EndProject
Project("{FAE04EC0-301F-11D3-BF4B-00C04F79EFBC}") = "BCLoanCalculator.Droid", "BCLoanCalculator\BCLoanCalculator.Droid\BCLoanCalculator.Droid.csproj", "{1A4B562A-D955-42F0-A7AA-743DC7C39D09}"
EndProject
Project("{FAE04EC0-301F-11D3-BF4B-00C04F79EFBC}") = "BCLoanCalculator.iOS", "BCLoanCalculator\BCLoanCalculator.iOS\BCLoanCalculator.iOS.csproj", "{14E25768-6C12-4ECE-849D-DE3BD6390F9D}"
EndProject
Project("{FAE04EC0-301F-11D3-BF4B-00C04F79EFBC}") = "BCLoanCalculator.UWP", "BCLoanCalculator\BCLoanCalculator.UWP\BCLoanCalculator.UWP.csproj", "{AFC1BE12-2C59-4292-B2EE-48086449B6FD}"
EndProject
Global
	GlobalSection(SolutionConfigurationPlatforms) = preSolution
		Ad-Hoc|Any CPU = Ad-Hoc|Any CPU
		Ad-Hoc|ARM = Ad-Hoc|ARM
		Ad-Hoc|iPhone = Ad-Hoc|iPhone
		Ad-Hoc|iPhoneSimulator = Ad-Hoc|iPhoneSimulator
		Ad-Hoc|x64 = Ad-Hoc|x64
		Ad-Hoc|x86 = Ad-Hoc|x86
		AppStore|Any CPU = AppStore|Any CPU
		AppStore|ARM = AppStore|ARM
		AppStore|iPhone = AppStore|iPhone
		AppStore|iPhoneSimulator = AppStore|iPhoneSimulator
		AppStore|x64 = AppStore|x64
		AppStore|x86 = AppStore|x86
		Debug|Any CPU = Debug|Any CPU
		Debug|ARM = Debug|ARM
		Debug|iPhone = Debug|iPhone
		Debug|iPhoneSimulator = Debug|iPhoneSimulator
		Debug|x64 = Debug|x64
		Debug|x86 = Debug|x86
		Release|Any CPU = Release|Any CPU
		Release|ARM = Release|ARM
		Release|iPhone = Release|iPhone
		Release|iPhoneSimulator = Release|iPhoneSimulator
		Release|x64 = Release|x64
		Release|x86 = Release|x86
	EndGlobalSection
	GlobalSection(ProjectConfigurationPlatforms) = postSolution
		{8044733D-EDFD-45F1-997C-311A979EDDD0}.Ad-Hoc|Any CPU.ActiveCfg = Release|Any CPU
		{8044733D-EDFD-45F1-997C-311A979EDDD0}.Ad-Hoc|Any CPU.Build.0 = Release|Any CPU
		{8044733D-EDFD-45F1-997C-311A979EDDD0}.Ad-Hoc|ARM.ActiveCfg = Release|Any CPU
		{8044733D-EDFD-45F1-997C-311A979EDDD0}.Ad-Hoc|ARM.Build.0 = Release|Any CPU
		{8044733D-EDFD-45F1-997C-311A979EDDD0}.Ad-Hoc|iPhone.ActiveCfg = Release|Any CPU
		{8044733D-EDFD-45F1-997C-311A979EDDD0}.Ad-Hoc|iPhone.Build.0 = Release|Any CPU
		{8044733D-EDFD-45F1-997C-311A979EDDD0}.Ad-Hoc|iPhoneSimulator.ActiveCfg = Release|Any CPU
		{8044733D-EDFD-45F1-997C-311A979EDDD0}.Ad-Hoc|iPhoneSimulator.Build.0 = Release|Any CPU
		{8044733D-EDFD-45F1-997C-311A979EDDD0}.Ad-Hoc|x64.ActiveCfg = Release|Any CPU
		{8044733D-EDFD-45F1-997C-311A979EDDD0}.Ad-Hoc|x64.Build.0 = Release|Any CPU
		{8044733D-EDFD-45F1-997C-311A979EDDD0}.Ad-Hoc|x86.ActiveCfg = Release|Any CPU
		{8044733D-EDFD-45F1-997C-311A979EDDD0}.Ad-Hoc|x86.Build.0 = Release|Any CPU
		{8044733D-EDFD-45F1-997C-311A979EDDD0}.AppStore|Any CPU.ActiveCfg = Release|Any CPU
		{8044733D-EDFD-45F1-997C-311A979EDDD0}.AppStore|Any CPU.Build.0 = Release|Any CPU
		{8044733D-EDFD-45F1-997C-311A979EDDD0}.AppStore|ARM.ActiveCfg = Release|Any CPU
		{8044733D-EDFD-45F1-997C-311A979EDDD0}.AppStore|ARM.Build.0 = Release|Any CPU
		{8044733D-EDFD-45F1-997C-311A979EDDD0}.AppStore|iPhone.ActiveCfg = Release|Any CPU
		{8044733D-EDFD-45F1-997C-311A979EDDD0}.AppStore|iPhone.Build.0 = Release|Any CPU
		{8044733D-EDFD-45F1-997C-311A979EDDD0}.AppStore|iPhoneSimulator.ActiveCfg = Release|Any CPU
		{8044733D-EDFD-45F1-997C-311A979EDDD0}.AppStore|iPhoneSimulator.Build.0 = Release|Any CPU
		{8044733D-EDFD-45F1-997C-311A979EDDD0}.AppStore|x64.ActiveCfg = Release|Any CPU
		{8044733D-EDFD-45F1-997C-311A979EDDD0}.AppStore|x64.Build.0 = Release|Any CPU
		{8044733D-EDFD-45F1-997C-311A979EDDD0}.AppStore|x86.ActiveCfg = Release|Any CPU
		{8044733D-EDFD-45F1-997C-311A979EDDD0}.AppStore|x86.Build.0 = Release|Any CPU
		{8044733D-EDFD-45F1-997C-311A979EDDD0}.Debug|Any CPU.ActiveCfg = Debug|Any CPU
		{8044733D-EDFD-45F1-997C-311A979EDDD0}.Debug|Any CPU.Build.0 = Debug|Any CPU
		{8044733D-EDFD-45F1-997C-311A979EDDD0}.Debug|ARM.ActiveCfg = Debug|Any CPU
		{8044733D-EDFD-45F1-997C-311A979EDDD0}.Debug|ARM.Build.0 = Debug|Any CPU
		{8044733D-EDFD-45F1-997C-311A979EDDD0}.Debug|iPhone.ActiveCfg = Debug|Any CPU
		{8044733D-EDFD-45F1-997C-311A979EDDD0}.Debug|iPhone.Build.0 = Debug|Any CPU
		{8044733D-EDFD-45F1-997C-311A979EDDD0}.Debug|iPhoneSimulator.ActiveCfg = Debug|Any CPU
		{8044733D-EDFD-45F1-997C-311A979EDDD0}.Debug|iPhoneSimulator.Build.0 = Debug|Any CPU
		{8044733D-EDFD-45F1-997C-311A979EDDD0}.Debug|x64.ActiveCfg = Debug|Any CPU
		{8044733D-EDFD-45F1-997C-311A979EDDD0}.Debug|x64.Build.0 = Debug|Any CPU
		{8044733D-EDFD-45F1-997C-311A979EDDD0}.Debug|x86.ActiveCfg = Debug|Any CPU
		{8044733D-EDFD-45F1-997C-311A979EDDD0}.Debug|x86.Build.0 = Debug|Any CPU
		{8044733D-EDFD-45F1-997C-311A979EDDD0}.Release|Any CPU.ActiveCfg = Release|Any CPU
		{8044733D-EDFD-45F1-997C-311A979EDDD0}.Release|Any CPU.Build.0 = Release|Any CPU
		{8044733D-EDFD-45F1-997C-311A979EDDD0}.Release|ARM.ActiveCfg = Release|Any CPU
		{8044733D-EDFD-45F1-997C-311A979EDDD0}.Release|ARM.Build.0 = Release|Any CPU
		{8044733D-EDFD-45F1-997C-311A979EDDD0}.Release|iPhone.ActiveCfg = Release|Any CPU
		{8044733D-EDFD-45F1-997C-311A979EDDD0}.Release|iPhone.Build.0 = Release|Any CPU
		{8044733D-EDFD-45F1-997C-311A979EDDD0}.Release|iPhoneSimulator.ActiveCfg = Release|Any CPU
		{8044733D-EDFD-45F1-997C-311A979EDDD0}.Release|iPhoneSimulator.Build.0 = Release|Any CPU
		{8044733D-EDFD-45F1-997C-311A979EDDD0}.Release|x64.ActiveCfg = Release|Any CPU
		{8044733D-EDFD-45F1-997C-311A979EDDD0}.Release|x64.Build.0 = Release|Any CPU
		{8044733D-EDFD-45F1-997C-311A979EDDD0}.Release|x86.ActiveCfg = Release|Any CPU
		{8044733D-EDFD-45F1-997C-311A979EDDD0}.Release|x86.Build.0 = Release|Any CPU
		{1A4B562A-D955-42F0-A7AA-743DC7C39D09}.Ad-Hoc|Any CPU.ActiveCfg = Release|Any CPU
		{1A4B562A-D955-42F0-A7AA-743DC7C39D09}.Ad-Hoc|Any CPU.Build.0 = Release|Any CPU
		{1A4B562A-D955-42F0-A7AA-743DC7C39D09}.Ad-Hoc|Any CPU.Deploy.0 = Release|Any CPU
		{1A4B562A-D955-42F0-A7AA-743DC7C39D09}.Ad-Hoc|ARM.ActiveCfg = Release|Any CPU
		{1A4B562A-D955-42F0-A7AA-743DC7C39D09}.Ad-Hoc|ARM.Build.0 = Release|Any CPU
		{1A4B562A-D955-42F0-A7AA-743DC7C39D09}.Ad-Hoc|ARM.Deploy.0 = Release|Any CPU
		{1A4B562A-D955-42F0-A7AA-743DC7C39D09}.Ad-Hoc|iPhone.ActiveCfg = Release|Any CPU
		{1A4B562A-D955-42F0-A7AA-743DC7C39D09}.Ad-Hoc|iPhone.Build.0 = Release|Any CPU
		{1A4B562A-D955-42F0-A7AA-743DC7C39D09}.Ad-Hoc|iPhone.Deploy.0 = Release|Any CPU
		{1A4B562A-D955-42F0-A7AA-743DC7C39D09}.Ad-Hoc|iPhoneSimulator.ActiveCfg = Release|Any CPU
		{1A4B562A-D955-42F0-A7AA-743DC7C39D09}.Ad-Hoc|iPhoneSimulator.Build.0 = Release|Any CPU
		{1A4B562A-D955-42F0-A7AA-743DC7C39D09}.Ad-Hoc|iPhoneSimulator.Deploy.0 = Release|Any CPU
		{1A4B562A-D955-42F0-A7AA-743DC7C39D09}.Ad-Hoc|x64.ActiveCfg = Release|Any CPU
		{1A4B562A-D955-42F0-A7AA-743DC7C39D09}.Ad-Hoc|x64.Build.0 = Release|Any CPU
		{1A4B562A-D955-42F0-A7AA-743DC7C39D09}.Ad-Hoc|x64.Deploy.0 = Release|Any CPU
		{1A4B562A-D955-42F0-A7AA-743DC7C39D09}.Ad-Hoc|x86.ActiveCfg = Release|Any CPU
		{1A4B562A-D955-42F0-A7AA-743DC7C39D09}.Ad-Hoc|x86.Build.0 = Release|Any CPU
		{1A4B562A-D955-42F0-A7AA-743DC7C39D09}.Ad-Hoc|x86.Deploy.0 = Release|Any CPU
		{1A4B562A-D955-42F0-A7AA-743DC7C39D09}.AppStore|Any CPU.ActiveCfg = Release|Any CPU
		{1A4B562A-D955-42F0-A7AA-743DC7C39D09}.AppStore|Any CPU.Build.0 = Release|Any CPU
		{1A4B562A-D955-42F0-A7AA-743DC7C39D09}.AppStore|Any CPU.Deploy.0 = Release|Any CPU
		{1A4B562A-D955-42F0-A7AA-743DC7C39D09}.AppStore|ARM.ActiveCfg = Release|Any CPU
		{1A4B562A-D955-42F0-A7AA-743DC7C39D09}.AppStore|ARM.Build.0 = Release|Any CPU
		{1A4B562A-D955-42F0-A7AA-743DC7C39D09}.AppStore|ARM.Deploy.0 = Release|Any CPU
		{1A4B562A-D955-42F0-A7AA-743DC7C39D09}.AppStore|iPhone.ActiveCfg = Release|Any CPU
		{1A4B562A-D955-42F0-A7AA-743DC7C39D09}.AppStore|iPhone.Build.0 = Release|Any CPU
		{1A4B562A-D955-42F0-A7AA-743DC7C39D09}.AppStore|iPhone.Deploy.0 = Release|Any CPU
		{1A4B562A-D955-42F0-A7AA-743DC7C39D09}.AppStore|iPhoneSimulator.ActiveCfg = Release|Any CPU
		{1A4B562A-D955-42F0-A7AA-743DC7C39D09}.AppStore|iPhoneSimulator.Build.0 = Release|Any CPU
		{1A4B562A-D955-42F0-A7AA-743DC7C39D09}.AppStore|iPhoneSimulator.Deploy.0 = Release|Any CPU
		{1A4B562A-D955-42F0-A7AA-743DC7C39D09}.AppStore|x64.ActiveCfg = Release|Any CPU
		{1A4B562A-D955-42F0-A7AA-743DC7C39D09}.AppStore|x64.Build.0 = Release|Any CPU
		{1A4B562A-D955-42F0-A7AA-743DC7C39D09}.AppStore|x64.Deploy.0 = Release|Any CPU
		{1A4B562A-D955-42F0-A7AA-743DC7C39D09}.AppStore|x86.ActiveCfg = Release|Any CPU
		{1A4B562A-D955-42F0-A7AA-743DC7C39D09}.AppStore|x86.Build.0 = Release|Any CPU
		{1A4B562A-D955-42F0-A7AA-743DC7C39D09}.AppStore|x86.Deploy.0 = Release|Any CPU
		{1A4B562A-D955-42F0-A7AA-743DC7C39D09}.Debug|Any CPU.ActiveCfg = Debug|Any CPU
		{1A4B562A-D955-42F0-A7AA-743DC7C39D09}.Debug|Any CPU.Build.0 = Debug|Any CPU
		{1A4B562A-D955-42F0-A7AA-743DC7C39D09}.Debug|Any CPU.Deploy.0 = Debug|Any CPU
		{1A4B562A-D955-42F0-A7AA-743DC7C39D09}.Debug|ARM.ActiveCfg = Debug|Any CPU
		{1A4B562A-D955-42F0-A7AA-743DC7C39D09}.Debug|ARM.Build.0 = Debug|Any CPU
		{1A4B562A-D955-42F0-A7AA-743DC7C39D09}.Debug|ARM.Deploy.0 = Debug|Any CPU
		{1A4B562A-D955-42F0-A7AA-743DC7C39D09}.Debug|iPhone.ActiveCfg = Debug|Any CPU
		{1A4B562A-D955-42F0-A7AA-743DC7C39D09}.Debug|iPhone.Build.0 = Debug|Any CPU
		{1A4B562A-D955-42F0-A7AA-743DC7C39D09}.Debug|iPhone.Deploy.0 = Debug|Any CPU
		{1A4B562A-D955-42F0-A7AA-743DC7C39D09}.Debug|iPhoneSimulator.ActiveCfg = Debug|Any CPU
		{1A4B562A-D955-42F0-A7AA-743DC7C39D09}.Debug|iPhoneSimulator.Build.0 = Debug|Any CPU
		{1A4B562A-D955-42F0-A7AA-743DC7C39D09}.Debug|iPhoneSimulator.Deploy.0 = Debug|Any CPU
		{1A4B562A-D955-42F0-A7AA-743DC7C39D09}.Debug|x64.ActiveCfg = Debug|Any CPU
		{1A4B562A-D955-42F0-A7AA-743DC7C39D09}.Debug|x64.Build.0 = Debug|Any CPU
		{1A4B562A-D955-42F0-A7AA-743DC7C39D09}.Debug|x64.Deploy.0 = Debug|Any CPU
		{1A4B562A-D955-42F0-A7AA-743DC7C39D09}.Debug|x86.ActiveCfg = Debug|Any CPU
		{1A4B562A-D955-42F0-A7AA-743DC7C39D09}.Debug|x86.Build.0 = Debug|Any CPU
		{1A4B562A-D955-42F0-A7AA-743DC7C39D09}.Debug|x86.Deploy.0 = Debug|Any CPU
		{1A4B562A-D955-42F0-A7AA-743DC7C39D09}.Release|Any CPU.ActiveCfg = Release|Any CPU
		{1A4B562A-D955-42F0-A7AA-743DC7C39D09}.Release|Any CPU.Build.0 = Release|Any CPU
		{1A4B562A-D955-42F0-A7AA-743DC7C39D09}.Release|Any CPU.Deploy.0 = Release|Any CPU
		{1A4B562A-D955-42F0-A7AA-743DC7C39D09}.Release|ARM.ActiveCfg = Release|Any CPU
		{1A4B562A-D955-42F0-A7AA-743DC7C39D09}.Release|ARM.Build.0 = Release|Any CPU
		{1A4B562A-D955-42F0-A7AA-743DC7C39D09}.Release|ARM.Deploy.0 = Release|Any CPU
		{1A4B562A-D955-42F0-A7AA-743DC7C39D09}.Release|iPhone.ActiveCfg = Release|Any CPU
		{1A4B562A-D955-42F0-A7AA-743DC7C39D09}.Release|iPhone.Build.0 = Release|Any CPU
		{1A4B562A-D955-42F0-A7AA-743DC7C39D09}.Release|iPhone.Deploy.0 = Release|Any CPU
		{1A4B562A-D955-42F0-A7AA-743DC7C39D09}.Release|iPhoneSimulator.ActiveCfg = Release|Any CPU
		{1A4B562A-D955-42F0-A7AA-743DC7C39D09}.Release|iPhoneSimulator.Build.0 = Release|Any CPU
		{1A4B562A-D955-42F0-A7AA-743DC7C39D09}.Release|iPhoneSimulator.Deploy.0 = Release|Any CPU
		{1A4B562A-D955-42F0-A7AA-743DC7C39D09}.Release|x64.ActiveCfg = Release|Any CPU
		{1A4B562A-D955-42F0-A7AA-743DC7C39D09}.Release|x64.Build.0 = Release|Any CPU
		{1A4B562A-D955-42F0-A7AA-743DC7C39D09}.Release|x64.Deploy.0 = Release|Any CPU
		{1A4B562A-D955-42F0-A7AA-743DC7C39D09}.Release|x86.ActiveCfg = Release|Any CPU
		{1A4B562A-D955-42F0-A7AA-743DC7C39D09}.Release|x86.Build.0 = Release|Any CPU
		{1A4B562A-D955-42F0-A7AA-743DC7C39D09}.Release|x86.Deploy.0 = Release|Any CPU
		{14E25768-6C12-4ECE-849D-DE3BD6390F9D}.Ad-Hoc|Any CPU.ActiveCfg = Ad-Hoc|iPhone
		{14E25768-6C12-4ECE-849D-DE3BD6390F9D}.Ad-Hoc|ARM.ActiveCfg = Ad-Hoc|iPhone
		{14E25768-6C12-4ECE-849D-DE3BD6390F9D}.Ad-Hoc|iPhone.ActiveCfg = Ad-Hoc|iPhone
		{14E25768-6C12-4ECE-849D-DE3BD6390F9D}.Ad-Hoc|iPhone.Build.0 = Ad-Hoc|iPhone
		{14E25768-6C12-4ECE-849D-DE3BD6390F9D}.Ad-Hoc|iPhoneSimulator.ActiveCfg = Ad-Hoc|iPhoneSimulator
		{14E25768-6C12-4ECE-849D-DE3BD6390F9D}.Ad-Hoc|iPhoneSimulator.Build.0 = Ad-Hoc|iPhoneSimulator
		{14E25768-6C12-4ECE-849D-DE3BD6390F9D}.Ad-Hoc|x64.ActiveCfg = Ad-Hoc|iPhone
		{14E25768-6C12-4ECE-849D-DE3BD6390F9D}.Ad-Hoc|x86.ActiveCfg = Ad-Hoc|iPhone
		{14E25768-6C12-4ECE-849D-DE3BD6390F9D}.AppStore|Any CPU.ActiveCfg = AppStore|iPhone
		{14E25768-6C12-4ECE-849D-DE3BD6390F9D}.AppStore|ARM.ActiveCfg = AppStore|iPhone
		{14E25768-6C12-4ECE-849D-DE3BD6390F9D}.AppStore|iPhone.ActiveCfg = AppStore|iPhone
		{14E25768-6C12-4ECE-849D-DE3BD6390F9D}.AppStore|iPhone.Build.0 = AppStore|iPhone
		{14E25768-6C12-4ECE-849D-DE3BD6390F9D}.AppStore|iPhoneSimulator.ActiveCfg = AppStore|iPhoneSimulator
		{14E25768-6C12-4ECE-849D-DE3BD6390F9D}.AppStore|iPhoneSimulator.Build.0 = AppStore|iPhoneSimulator
		{14E25768-6C12-4ECE-849D-DE3BD6390F9D}.AppStore|x64.ActiveCfg = AppStore|iPhone
		{14E25768-6C12-4ECE-849D-DE3BD6390F9D}.AppStore|x86.ActiveCfg = AppStore|iPhone
		{14E25768-6C12-4ECE-849D-DE3BD6390F9D}.Debug|Any CPU.ActiveCfg = Debug|iPhone
		{14E25768-6C12-4ECE-849D-DE3BD6390F9D}.Debug|ARM.ActiveCfg = Debug|iPhone
		{14E25768-6C12-4ECE-849D-DE3BD6390F9D}.Debug|iPhone.ActiveCfg = Debug|iPhone
		{14E25768-6C12-4ECE-849D-DE3BD6390F9D}.Debug|iPhone.Build.0 = Debug|iPhone
		{14E25768-6C12-4ECE-849D-DE3BD6390F9D}.Debug|iPhoneSimulator.ActiveCfg = Debug|iPhoneSimulator
		{14E25768-6C12-4ECE-849D-DE3BD6390F9D}.Debug|iPhoneSimulator.Build.0 = Debug|iPhoneSimulator
		{14E25768-6C12-4ECE-849D-DE3BD6390F9D}.Debug|x64.ActiveCfg = Debug|iPhone
		{14E25768-6C12-4ECE-849D-DE3BD6390F9D}.Debug|x86.ActiveCfg = Debug|iPhone
		{14E25768-6C12-4ECE-849D-DE3BD6390F9D}.Release|Any CPU.ActiveCfg = Release|iPhone
		{14E25768-6C12-4ECE-849D-DE3BD6390F9D}.Release|ARM.ActiveCfg = Release|iPhone
		{14E25768-6C12-4ECE-849D-DE3BD6390F9D}.Release|iPhone.ActiveCfg = Release|iPhone
		{14E25768-6C12-4ECE-849D-DE3BD6390F9D}.Release|iPhone.Build.0 = Release|iPhone
		{14E25768-6C12-4ECE-849D-DE3BD6390F9D}.Release|iPhoneSimulator.ActiveCfg = Release|iPhoneSimulator
		{14E25768-6C12-4ECE-849D-DE3BD6390F9D}.Release|iPhoneSimulator.Build.0 = Release|iPhoneSimulator
		{14E25768-6C12-4ECE-849D-DE3BD6390F9D}.Release|x64.ActiveCfg = Release|iPhone
		{14E25768-6C12-4ECE-849D-DE3BD6390F9D}.Release|x86.ActiveCfg = Release|iPhone
		{AFC1BE12-2C59-4292-B2EE-48086449B6FD}.Ad-Hoc|Any CPU.ActiveCfg = Release|x86
		{AFC1BE12-2C59-4292-B2EE-48086449B6FD}.Ad-Hoc|Any CPU.Build.0 = Release|x86
		{AFC1BE12-2C59-4292-B2EE-48086449B6FD}.Ad-Hoc|Any CPU.Deploy.0 = Release|x86
		{AFC1BE12-2C59-4292-B2EE-48086449B6FD}.Ad-Hoc|ARM.ActiveCfg = Release|ARM
		{AFC1BE12-2C59-4292-B2EE-48086449B6FD}.Ad-Hoc|ARM.Build.0 = Release|ARM
		{AFC1BE12-2C59-4292-B2EE-48086449B6FD}.Ad-Hoc|ARM.Deploy.0 = Release|ARM
		{AFC1BE12-2C59-4292-B2EE-48086449B6FD}.Ad-Hoc|iPhone.ActiveCfg = Release|x86
		{AFC1BE12-2C59-4292-B2EE-48086449B6FD}.Ad-Hoc|iPhone.Build.0 = Release|x86
		{AFC1BE12-2C59-4292-B2EE-48086449B6FD}.Ad-Hoc|iPhone.Deploy.0 = Release|x86
		{AFC1BE12-2C59-4292-B2EE-48086449B6FD}.Ad-Hoc|iPhoneSimulator.ActiveCfg = Release|x86
		{AFC1BE12-2C59-4292-B2EE-48086449B6FD}.Ad-Hoc|iPhoneSimulator.Build.0 = Release|x86
		{AFC1BE12-2C59-4292-B2EE-48086449B6FD}.Ad-Hoc|iPhoneSimulator.Deploy.0 = Release|x86
		{AFC1BE12-2C59-4292-B2EE-48086449B6FD}.Ad-Hoc|x64.ActiveCfg = Release|x64
		{AFC1BE12-2C59-4292-B2EE-48086449B6FD}.Ad-Hoc|x64.Build.0 = Release|x64
		{AFC1BE12-2C59-4292-B2EE-48086449B6FD}.Ad-Hoc|x64.Deploy.0 = Release|x64
		{AFC1BE12-2C59-4292-B2EE-48086449B6FD}.Ad-Hoc|x86.ActiveCfg = Release|x86
		{AFC1BE12-2C59-4292-B2EE-48086449B6FD}.Ad-Hoc|x86.Build.0 = Release|x86
		{AFC1BE12-2C59-4292-B2EE-48086449B6FD}.Ad-Hoc|x86.Deploy.0 = Release|x86
		{AFC1BE12-2C59-4292-B2EE-48086449B6FD}.AppStore|Any CPU.ActiveCfg = Release|x86
		{AFC1BE12-2C59-4292-B2EE-48086449B6FD}.AppStore|Any CPU.Build.0 = Release|x86
		{AFC1BE12-2C59-4292-B2EE-48086449B6FD}.AppStore|Any CPU.Deploy.0 = Release|x86
		{AFC1BE12-2C59-4292-B2EE-48086449B6FD}.AppStore|ARM.ActiveCfg = Release|ARM
		{AFC1BE12-2C59-4292-B2EE-48086449B6FD}.AppStore|ARM.Build.0 = Release|ARM
		{AFC1BE12-2C59-4292-B2EE-48086449B6FD}.AppStore|ARM.Deploy.0 = Release|ARM
		{AFC1BE12-2C59-4292-B2EE-48086449B6FD}.AppStore|iPhone.ActiveCfg = Release|x86
		{AFC1BE12-2C59-4292-B2EE-48086449B6FD}.AppStore|iPhone.Build.0 = Release|x86
		{AFC1BE12-2C59-4292-B2EE-48086449B6FD}.AppStore|iPhone.Deploy.0 = Release|x86
		{AFC1BE12-2C59-4292-B2EE-48086449B6FD}.AppStore|iPhoneSimulator.ActiveCfg = Release|x86
		{AFC1BE12-2C59-4292-B2EE-48086449B6FD}.AppStore|iPhoneSimulator.Build.0 = Release|x86
		{AFC1BE12-2C59-4292-B2EE-48086449B6FD}.AppStore|iPhoneSimulator.Deploy.0 = Release|x86
		{AFC1BE12-2C59-4292-B2EE-48086449B6FD}.AppStore|x64.ActiveCfg = Release|x64
		{AFC1BE12-2C59-4292-B2EE-48086449B6FD}.AppStore|x64.Build.0 = Release|x64
		{AFC1BE12-2C59-4292-B2EE-48086449B6FD}.AppStore|x64.Deploy.0 = Release|x64
		{AFC1BE12-2C59-4292-B2EE-48086449B6FD}.AppStore|x86.ActiveCfg = Release|x86
		{AFC1BE12-2C59-4292-B2EE-48086449B6FD}.AppStore|x86.Build.0 = Release|x86
		{AFC1BE12-2C59-4292-B2EE-48086449B6FD}.AppStore|x86.Deploy.0 = Release|x86
		{AFC1BE12-2C59-4292-B2EE-48086449B6FD}.Debug|Any CPU.ActiveCfg = Debug|x86
		{AFC1BE12-2C59-4292-B2EE-48086449B6FD}.Debug|ARM.ActiveCfg = Debug|ARM
		{AFC1BE12-2C59-4292-B2EE-48086449B6FD}.Debug|ARM.Build.0 = Debug|ARM
		{AFC1BE12-2C59-4292-B2EE-48086449B6FD}.Debug|ARM.Deploy.0 = Debug|ARM
		{AFC1BE12-2C59-4292-B2EE-48086449B6FD}.Debug|iPhone.ActiveCfg = Debug|x86
		{AFC1BE12-2C59-4292-B2EE-48086449B6FD}.Debug|iPhoneSimulator.ActiveCfg = Debug|x86
		{AFC1BE12-2C59-4292-B2EE-48086449B6FD}.Debug|x64.ActiveCfg = Debug|x64
		{AFC1BE12-2C59-4292-B2EE-48086449B6FD}.Debug|x64.Build.0 = Debug|x64
		{AFC1BE12-2C59-4292-B2EE-48086449B6FD}.Debug|x64.Deploy.0 = Debug|x64
		{AFC1BE12-2C59-4292-B2EE-48086449B6FD}.Debug|x86.ActiveCfg = Debug|x86
		{AFC1BE12-2C59-4292-B2EE-48086449B6FD}.Debug|x86.Build.0 = Debug|x86
		{AFC1BE12-2C59-4292-B2EE-48086449B6FD}.Debug|x86.Deploy.0 = Debug|x86
		{AFC1BE12-2C59-4292-B2EE-48086449B6FD}.Release|Any CPU.ActiveCfg = Release|x86
		{AFC1BE12-2C59-4292-B2EE-48086449B6FD}.Release|ARM.ActiveCfg = Release|ARM
		{AFC1BE12-2C59-4292-B2EE-48086449B6FD}.Release|ARM.Build.0 = Release|ARM
		{AFC1BE12-2C59-4292-B2EE-48086449B6FD}.Release|ARM.Deploy.0 = Release|ARM
		{AFC1BE12-2C59-4292-B2EE-48086449B6FD}.Release|iPhone.ActiveCfg = Release|x86
		{AFC1BE12-2C59-4292-B2EE-48086449B6FD}.Release|iPhoneSimulator.ActiveCfg = Release|x86
		{AFC1BE12-2C59-4292-B2EE-48086449B6FD}.Release|x64.ActiveCfg = Release|x64
		{AFC1BE12-2C59-4292-B2EE-48086449B6FD}.Release|x64.Build.0 = Release|x64
		{AFC1BE12-2C59-4292-B2EE-48086449B6FD}.Release|x64.Deploy.0 = Release|x64
		{AFC1BE12-2C59-4292-B2EE-48086449B6FD}.Release|x86.ActiveCfg = Release|x86
		{AFC1BE12-2C59-4292-B2EE-48086449B6FD}.Release|x86.Build.0 = Release|x86
		{AFC1BE12-2C59-4292-B2EE-48086449B6FD}.Release|x86.Deploy.0 = Release|x86
	EndGlobalSection
	GlobalSection(SolutionProperties) = preSolution
		HideSolutionNode = FALSE
	EndGlobalSection
EndGlobal
